
Microsoft Visual Studio Solution File, Format Version 12.00
# Visual Studio 15
VisualStudioVersion = 15.0.28307.329
MinimumVisualStudioVersion = 10.0.40219.1
Project("{FAE04EC0-301F-11D3-BF4B-00C04F79EFBC}") = "Far Manager", "Far Manager\Far Manager.csproj", "{B1D5D0F7-95DD-436F-BCFE-DA91E081C177}"
EndProject
Global
	GlobalSection(SolutionConfigurationPlatforms) = preSolution
		Debug|Any CPU = Debug|Any CPU
		Release|Any CPU = Release|Any CPU
	EndGlobalSection
	GlobalSection(ProjectConfigurationPlatforms) = postSolution
		{B1D5D0F7-95DD-436F-BCFE-DA91E081C177}.Debug|Any CPU.ActiveCfg = Debug|Any CPU
		{B1D5D0F7-95DD-436F-BCFE-DA91E081C177}.Debug|Any CPU.Build.0 = Debug|Any CPU
		{B1D5D0F7-95DD-436F-BCFE-DA91E081C177}.Release|Any CPU.ActiveCfg = Release|Any CPU
		{B1D5D0F7-95DD-436F-BCFE-DA91E081C177}.Release|Any CPU.Build.0 = Release|Any CPU
	EndGlobalSection
	GlobalSection(SolutionProperties) = preSolution
		HideSolutionNode = FALSE
	EndGlobalSection
	GlobalSection(ExtensibilityGlobals) = postSolution
		SolutionGuid = {D5F85983-2CE6-43A6-A68B-45EACCE4F22B}
	EndGlobalSection
EndGlobal
